
Microsoft Visual Studio Solution File, Format Version 12.00
# Visual Studio 2017
Project("{FAE04EC0-301F-11D3-BF4B-00C04F79EFBC}") = "fun Slide", "fun Slide.csproj", "{A0C1B10A-D46B-3525-3C2B-A702F8539151}"
EndProject
Project("{FAE04EC0-301F-11D3-BF4B-00C04F79EFBC}") = "fun Slide.Plugins", "fun Slide.Plugins.csproj", "{6B71A05C-5798-5FCB-12AE-74FCB0D40E81}"
EndProject
Project("{FAE04EC0-301F-11D3-BF4B-00C04F79EFBC}") = "fun Slide.Editor.Plugins", "fun Slide.Editor.Plugins.csproj", "{AFC29EBE-9ACD-C992-40C8-BA25A0DAB128}"
EndProject
Global
	GlobalSection(SolutionConfigurationPlatforms) = preSolution
		Debug|Any CPU = Debug|Any CPU
		Release|Any CPU = Release|Any CPU
	EndGlobalSection
	GlobalSection(ProjectConfigurationPlatforms) = postSolution
		{A0C1B10A-D46B-3525-3C2B-A702F8539151}.Debug|Any CPU.ActiveCfg = Debug|Any CPU
		{A0C1B10A-D46B-3525-3C2B-A702F8539151}.Debug|Any CPU.Build.0 = Debug|Any CPU
		{A0C1B10A-D46B-3525-3C2B-A702F8539151}.Release|Any CPU.ActiveCfg = Release|Any CPU
		{A0C1B10A-D46B-3525-3C2B-A702F8539151}.Release|Any CPU.Build.0 = Release|Any CPU
		{6B71A05C-5798-5FCB-12AE-74FCB0D40E81}.Debug|Any CPU.ActiveCfg = Debug|Any CPU
		{6B71A05C-5798-5FCB-12AE-74FCB0D40E81}.Debug|Any CPU.Build.0 = Debug|Any CPU
		{6B71A05C-5798-5FCB-12AE-74FCB0D40E81}.Release|Any CPU.ActiveCfg = Release|Any CPU
		{6B71A05C-5798-5FCB-12AE-74FCB0D40E81}.Release|Any CPU.Build.0 = Release|Any CPU
		{AFC29EBE-9ACD-C992-40C8-BA25A0DAB128}.Debug|Any CPU.ActiveCfg = Debug|Any CPU
		{AFC29EBE-9ACD-C992-40C8-BA25A0DAB128}.Debug|Any CPU.Build.0 = Debug|Any CPU
		{AFC29EBE-9ACD-C992-40C8-BA25A0DAB128}.Release|Any CPU.ActiveCfg = Release|Any CPU
		{AFC29EBE-9ACD-C992-40C8-BA25A0DAB128}.Release|Any CPU.Build.0 = Release|Any CPU
	EndGlobalSection
	GlobalSection(SolutionProperties) = preSolution
		HideSolutionNode = FALSE
	EndGlobalSection
EndGlobal
