
Microsoft Visual Studio Solution File, Format Version 12.00
# Visual Studio 2017
Project("{FAE04EC0-301F-11D3-BF4B-00C04F79EFBC}") = "fun-slide.Plugins", "fun-slide.Plugins.csproj", "{2E65AFD7-D9BA-90DC-8972-5B6BFAC5DB71}"
EndProject
Project("{FAE04EC0-301F-11D3-BF4B-00C04F79EFBC}") = "fun-slide", "fun-slide.csproj", "{A2F70880-B2C5-3FC0-0479-52F348016CE1}"
EndProject
Project("{FAE04EC0-301F-11D3-BF4B-00C04F79EFBC}") = "fun-slide.Editor.Plugins", "fun-slide.Editor.Plugins.csproj", "{510FC914-C790-7C79-2442-6EA98509BD25}"
EndProject
Global
	GlobalSection(SolutionConfigurationPlatforms) = preSolution
		Debug|Any CPU = Debug|Any CPU
		Release|Any CPU = Release|Any CPU
	EndGlobalSection
	GlobalSection(ProjectConfigurationPlatforms) = postSolution
		{2E65AFD7-D9BA-90DC-8972-5B6BFAC5DB71}.Debug|Any CPU.ActiveCfg = Debug|Any CPU
		{2E65AFD7-D9BA-90DC-8972-5B6BFAC5DB71}.Debug|Any CPU.Build.0 = Debug|Any CPU
		{2E65AFD7-D9BA-90DC-8972-5B6BFAC5DB71}.Release|Any CPU.ActiveCfg = Release|Any CPU
		{2E65AFD7-D9BA-90DC-8972-5B6BFAC5DB71}.Release|Any CPU.Build.0 = Release|Any CPU
		{A2F70880-B2C5-3FC0-0479-52F348016CE1}.Debug|Any CPU.ActiveCfg = Debug|Any CPU
		{A2F70880-B2C5-3FC0-0479-52F348016CE1}.Debug|Any CPU.Build.0 = Debug|Any CPU
		{A2F70880-B2C5-3FC0-0479-52F348016CE1}.Release|Any CPU.ActiveCfg = Release|Any CPU
		{A2F70880-B2C5-3FC0-0479-52F348016CE1}.Release|Any CPU.Build.0 = Release|Any CPU
		{510FC914-C790-7C79-2442-6EA98509BD25}.Debug|Any CPU.ActiveCfg = Debug|Any CPU
		{510FC914-C790-7C79-2442-6EA98509BD25}.Debug|Any CPU.Build.0 = Debug|Any CPU
		{510FC914-C790-7C79-2442-6EA98509BD25}.Release|Any CPU.ActiveCfg = Release|Any CPU
		{510FC914-C790-7C79-2442-6EA98509BD25}.Release|Any CPU.Build.0 = Release|Any CPU
	EndGlobalSection
	GlobalSection(SolutionProperties) = preSolution
		HideSolutionNode = FALSE
	EndGlobalSection
EndGlobal
